
Microsoft Visual Studio Solution File, Format Version 12.00
# Visual Studio Version 16
VisualStudioVersion = 16.0.29613.14
MinimumVisualStudioVersion = 10.0.40219.1
Project("{FAE04EC0-301F-11D3-BF4B-00C04F79EFBC}") = "MonthNamesGUI", "MonthNamesGUI.csproj", "{2317A2F9-5F09-449A-9A28-3E60B607068B}"
EndProject
Global
	GlobalSection(SolutionConfigurationPlatforms) = preSolution
		Debug|Any CPU = Debug|Any CPU
		Release|Any CPU = Release|Any CPU
	EndGlobalSection
	GlobalSection(ProjectConfigurationPlatforms) = postSolution
		{2317A2F9-5F09-449A-9A28-3E60B607068B}.Debug|Any CPU.ActiveCfg = Debug|Any CPU
		{2317A2F9-5F09-449A-9A28-3E60B607068B}.Debug|Any CPU.Build.0 = Debug|Any CPU
		{2317A2F9-5F09-449A-9A28-3E60B607068B}.Release|Any CPU.ActiveCfg = Release|Any CPU
		{2317A2F9-5F09-449A-9A28-3E60B607068B}.Release|Any CPU.Build.0 = Release|Any CPU
	EndGlobalSection
	GlobalSection(SolutionProperties) = preSolution
		HideSolutionNode = FALSE
	EndGlobalSection
	GlobalSection(ExtensibilityGlobals) = postSolution
		SolutionGuid = {11813715-23DF-473B-9E35-25151C64C279}
	EndGlobalSection
EndGlobal
