
Microsoft Visual Studio Solution File, Format Version 12.00
# Visual Studio 15
Project("{FAE04EC0-301F-11D3-BF4B-00C04F79EFBC}") = "Chapter1", "Chapter1\Chapter1.csproj", "{E3538567-EB31-4210-B648-8B646B383BB0}"
EndProject
Global
	GlobalSection(SolutionConfigurationPlatforms) = preSolution
		Debug|anycpu = Debug|anycpu
		Release|anycpu = Release|anycpu
	EndGlobalSection
	GlobalSection(ProjectConfigurationPlatforms) = postSolution
		{E3538567-EB31-4210-B648-8B646B383BB0}.Debug|anycpu.ActiveCfg = Debug|anycpu
		{E3538567-EB31-4210-B648-8B646B383BB0}.Debug|anycpu.Build.0 = Debug|anycpu
		{E3538567-EB31-4210-B648-8B646B383BB0}.Release|anycpu.ActiveCfg = Release|anycpu
		{E3538567-EB31-4210-B648-8B646B383BB0}.Release|anycpu.Build.0 = Release|anycpu
	EndGlobalSection
EndGlobal
